<?xml version="1.0" encoding="utf-8"?>
<Project ToolsVersion="4.0" xmlns="http://schemas.microsoft.com/developer/msbuild/2003">
  <ItemGroup>
    <Filter Include="Исходные файлы">
      <UniqueIdentifier>{4FC737F1-C7A5-4376-A066-2A32D752A2FF}</UniqueIdentifier>
      <Extensions>cpp;c;cc;cxx;c++;def;odl;idl;hpj;bat;asm;asmx</Extensions>
    </Filter>
    <Filter Include="Файлы заголовков">
      <UniqueIdentifier>{93995380-89BD-4b04-88EB-625FBE52EBFB}</UniqueIdentifier>
      <Extensions>h;hh;hpp;hxx;h++;hm;inl;inc;ipp;xsd</Extensions>
    </Filter>
    <Filter Include="Файлы ресурсов">
      <UniqueIdentifier>{67DA6AB6-F800-4c08-8B7A-83BB121AAD01}</UniqueIdentifier>
      <Extensions>rc;ico;cur;bmp;dlg;rc2;rct;bin;rgs;gif;jpg;jpeg;jpe;resx;tiff;tif;png;wav;mfcribbon-ms</Extensions>
    </Filter>
    <Filter Include="Файлы ресурсов\Bricks">
      <UniqueIdentifier>{ab8c11d8-1bb2-403b-b88f-b21a76966375}</UniqueIdentifier>
    </Filter>
    <Filter Include="Файлы ресурсов\Bonuses">
      <UniqueIdentifier>{be988ab0-6ef6-4164-a84f-872834b207da}</UniqueIdentifier>
    </Filter>
    <Filter Include="Файлы заголовков\Bricks">
      <UniqueIdentifier>{8ff9f7aa-c132-4675-bff2-f174954161b3}</UniqueIdentifier>
    </Filter>
    <Filter Include="Файлы заголовков\Bonuses">
      <UniqueIdentifier>{0104d4ac-c717-4948-959e-7100b89d8974}</UniqueIdentifier>
    </Filter>
  </ItemGroup>
  <ItemGroup>
    <ClCompile Include="Main.cpp">
      <Filter>Исходные файлы</Filter>
    </ClCompile>
    <ClCompile Include="GameLoopStart.cpp">
      <Filter>Исходные файлы</Filter>
    </ClCompile>
    <ClCompile Include="GameLoop.cpp">
      <Filter>Файлы ресурсов</Filter>
    </ClCompile>
    <ClCompile Include="Field.cpp">
      <Filter>Файлы ресурсов</Filter>
    </ClCompile>
    <ClCompile Include="Bar.cpp">
      <Filter>Файлы ресурсов</Filter>
    </ClCompile>
    <ClCompile Include="Ball.cpp">
      <Filter>Файлы ресурсов</Filter>
    </ClCompile>
    <ClCompile Include="Reflections.cpp">
      <Filter>Файлы ресурсов</Filter>
    </ClCompile>
    <ClCompile Include="ActiveBonuses.cpp">
      <Filter>Файлы ресурсов</Filter>
    </ClCompile>
    <ClCompile Include="Brick.cpp">
      <Filter>Файлы ресурсов\Bricks</Filter>
    </ClCompile>
    <ClCompile Include="SpeedingBrick.cpp">
      <Filter>Файлы ресурсов\Bricks</Filter>
    </ClCompile>
    <ClCompile Include="UnbreakableBrick.cpp">
      <Filter>Файлы ресурсов\Bricks</Filter>
    </ClCompile>
    <ClCompile Include="Bonus.cpp">
      <Filter>Файлы ресурсов\Bonuses</Filter>
    </ClCompile>
    <ClCompile Include="BonusBrick.cpp">
      <Filter>Файлы ресурсов\Bricks</Filter>
    </ClCompile>
    <ClCompile Include="ChangeBarSizeBonus.cpp">
      <Filter>Файлы ресурсов\Bonuses</Filter>
    </ClCompile>
    <ClCompile Include="ChangeBallSpeedBonus.cpp">
      <Filter>Файлы ресурсов\Bonuses</Filter>
    </ClCompile>
    <ClCompile Include="StickyBarBonus.cpp">
      <Filter>Файлы ресурсов\Bonuses</Filter>
    </ClCompile>
    <ClCompile Include="BottomReflectionBonus.cpp">
      <Filter>Файлы ресурсов\Bonuses</Filter>
    </ClCompile>
    <ClCompile Include="RandomDirectionBonus.cpp">
      <Filter>Файлы ресурсов\Bonuses</Filter>
    </ClCompile>
  </ItemGroup>
  <ItemGroup>
    <ClInclude Include="GameLoop.h">
      <Filter>Файлы заголовков</Filter>
    </ClInclude>
    <ClInclude Include="Main.h">
      <Filter>Файлы заголовков</Filter>
    </ClInclude>
    <ClInclude Include="Field.h">
      <Filter>Файлы заголовков</Filter>
    </ClInclude>
    <ClInclude Include="Bar.h">
      <Filter>Файлы заголовков</Filter>
    </ClInclude>
    <ClInclude Include="Ball.h">
      <Filter>Файлы заголовков</Filter>
    </ClInclude>
    <ClInclude Include="ActiveBonuses.h">
      <Filter>Файлы заголовков</Filter>
    </ClInclude>
    <ClInclude Include="BonusBrick.h">
      <Filter>Файлы заголовков\Bricks</Filter>
    </ClInclude>
    <ClInclude Include="Brick.h">
      <Filter>Файлы заголовков\Bricks</Filter>
    </ClInclude>
    <ClInclude Include="SpeedingBrick.h">
      <Filter>Файлы заголовков\Bricks</Filter>
    </ClInclude>
    <ClInclude Include="UnbreakableBrick.h">
      <Filter>Файлы заголовков\Bricks</Filter>
    </ClInclude>
    <ClInclude Include="Bonus.h">
      <Filter>Файлы заголовков\Bonuses</Filter>
    </ClInclude>
    <ClInclude Include="ChangeBarSizeBonus.h">
      <Filter>Файлы заголовков\Bonuses</Filter>
    </ClInclude>
    <ClInclude Include="ChangeBallSpeedBonus.h">
      <Filter>Файлы заголовков\Bonuses</Filter>
    </ClInclude>
    <ClInclude Include="StickyBarBonus.h">
      <Filter>Файлы заголовков\Bonuses</Filter>
    </ClInclude>
    <ClInclude Include="BottomReflectionBonus.h">
      <Filter>Файлы заголовков\Bonuses</Filter>
    </ClInclude>
    <ClInclude Include="RandomDirectionBonus.h">
      <Filter>Файлы заголовков\Bonuses</Filter>
    </ClInclude>
  </ItemGroup>
</Project>